
Microsoft Visual Studio Solution File, Format Version 12.00
Project("{FAE04EC0-301F-11D3-BF4B-00C04F79EFBC}") = "BoredGames.WebAPI", "src\BoredGames.WebAPI\BoredGames.WebAPI.csproj", "{C144B3C8-715D-4D4B-A942-051A065C303D}"
EndProject
Project("{FAE04EC0-301F-11D3-BF4B-00C04F79EFBC}") = "BoredGames.Common", "src\BoredGames.Common\BoredGames.Common.csproj", "{8B338131-FCA2-4854-91C4-FCCF32F7A9D8}"
EndProject
Project("{FAE04EC0-301F-11D3-BF4B-00C04F79EFBC}") = "BoredGames.Apologies", "src\BoredGames.Apologies\BoredGames.Apologies.csproj", "{564F57B0-21E8-48F6-88C6-B92D172F65B3}"
EndProject
Project("{FAE04EC0-301F-11D3-BF4B-00C04F79EFBC}") = "BoredGames.UnitTests.Apologies", "tests\unit\BoredGames.UnitTests.Apologies\BoredGames.UnitTests.Apologies.csproj", "{8C5FE7D9-ECA9-4CC8-A3AB-1AC87CCEDF62}"
EndProject
Global
	GlobalSection(SolutionConfigurationPlatforms) = preSolution
		Debug|Any CPU = Debug|Any CPU
		Release|Any CPU = Release|Any CPU
	EndGlobalSection
	GlobalSection(ProjectConfigurationPlatforms) = postSolution
		{C144B3C8-715D-4D4B-A942-051A065C303D}.Debug|Any CPU.ActiveCfg = Debug|Any CPU
		{C144B3C8-715D-4D4B-A942-051A065C303D}.Debug|Any CPU.Build.0 = Debug|Any CPU
		{C144B3C8-715D-4D4B-A942-051A065C303D}.Release|Any CPU.ActiveCfg = Release|Any CPU
		{C144B3C8-715D-4D4B-A942-051A065C303D}.Release|Any CPU.Build.0 = Release|Any CPU
		{8B338131-FCA2-4854-91C4-FCCF32F7A9D8}.Debug|Any CPU.ActiveCfg = Debug|Any CPU
		{8B338131-FCA2-4854-91C4-FCCF32F7A9D8}.Debug|Any CPU.Build.0 = Debug|Any CPU
		{8B338131-FCA2-4854-91C4-FCCF32F7A9D8}.Release|Any CPU.ActiveCfg = Release|Any CPU
		{8B338131-FCA2-4854-91C4-FCCF32F7A9D8}.Release|Any CPU.Build.0 = Release|Any CPU
		{564F57B0-21E8-48F6-88C6-B92D172F65B3}.Debug|Any CPU.ActiveCfg = Debug|Any CPU
		{564F57B0-21E8-48F6-88C6-B92D172F65B3}.Debug|Any CPU.Build.0 = Debug|Any CPU
		{564F57B0-21E8-48F6-88C6-B92D172F65B3}.Release|Any CPU.ActiveCfg = Release|Any CPU
		{564F57B0-21E8-48F6-88C6-B92D172F65B3}.Release|Any CPU.Build.0 = Release|Any CPU
		{8C5FE7D9-ECA9-4CC8-A3AB-1AC87CCEDF62}.Debug|Any CPU.ActiveCfg = Debug|Any CPU
		{8C5FE7D9-ECA9-4CC8-A3AB-1AC87CCEDF62}.Debug|Any CPU.Build.0 = Debug|Any CPU
		{8C5FE7D9-ECA9-4CC8-A3AB-1AC87CCEDF62}.Release|Any CPU.ActiveCfg = Release|Any CPU
		{8C5FE7D9-ECA9-4CC8-A3AB-1AC87CCEDF62}.Release|Any CPU.Build.0 = Release|Any CPU
	EndGlobalSection
	GlobalSection(NestedProjects) = preSolution
	EndGlobalSection
EndGlobal
